
Microsoft Visual Studio Solution File, Format Version 12.00
Project("{FAE04EC0-301F-11D3-BF4B-00C04F79EFBC}") = "apbd-cw3-s33286-2026", "apbd-cw3-s33286-2026\apbd-cw3-s33286-2026.csproj", "{95230E63-5F5C-4B94-8773-30438935DA6A}"
EndProject
Global
	GlobalSection(SolutionConfigurationPlatforms) = preSolution
		Debug|Any CPU = Debug|Any CPU
		Release|Any CPU = Release|Any CPU
	EndGlobalSection
	GlobalSection(ProjectConfigurationPlatforms) = postSolution
		{95230E63-5F5C-4B94-8773-30438935DA6A}.Debug|Any CPU.ActiveCfg = Debug|Any CPU
		{95230E63-5F5C-4B94-8773-30438935DA6A}.Debug|Any CPU.Build.0 = Debug|Any CPU
		{95230E63-5F5C-4B94-8773-30438935DA6A}.Release|Any CPU.ActiveCfg = Release|Any CPU
		{95230E63-5F5C-4B94-8773-30438935DA6A}.Release|Any CPU.Build.0 = Release|Any CPU
	EndGlobalSection
EndGlobal
